<Solution>
  <Configurations>
    <Platform Name="x64" />
    <Platform Name="x86" />
  </Configurations>
  <Project Path="DateTime - 01 Local Time &amp; UTC Time/DateTime - 01 Local Time &amp; UTC Time.vcxproj" Id="7f69d743-9b2d-46c8-9646-9d3cdb091770" />
  <Project Path="DateTime - 02 Structure/DateTime - 02 Structure.vcxproj" Id="ea00ee65-794b-4f7d-bffb-4964775d4ffa" />
  <Project Path="Files - 01 Write Mode/Files - 01 Write Mode.vcxproj" Id="5aa5f1dd-ac8e-498a-8e56-950ff2288398" />
  <Project Path="Files - 02 Append Mode/Files - 02 Append Mode.vcxproj" Id="74267386-aa13-4a7b-a97a-bd3e11200c91" />
  <Project Path="Files - 03 Read Mode/Files - 03 Read Mode.vcxproj" Id="438b5515-89ab-49ef-9279-e90e1b1d6919" />
  <Project Path="Files - 04 Load Data to Vector/Files - 04 Load Data to Vector.vcxproj" Id="afd01a5d-a140-41b0-a8ce-81e20586764c" />
  <Project Path="Files - 05 Save Vector to File/Files - 05 Save Vector to File.vcxproj" Id="4c6b99df-90ec-4d01-b2f3-be66c6bdde90" />
  <Project Path="Files - 06 Delete Records From File/Files - 06 Delete Records From File.vcxproj" Id="3a2c0c0a-6372-46aa-b96d-d8082d7d7b1d" />
  <Project Path="Files - 07 Update Records in File/Files - 07 Update Records in File.vcxproj" Id="4281cb87-7a6f-4ce9-bdbe-d8c39bbafe42" />
  <Project Path="Pointers - 01 What is pointer/Pointers - 01 What is pointer.vcxproj" Id="9df66bd5-85b3-4df9-8f62-dbdfa915c0c5" />
  <Project Path="Pointers - 02 Dereferencing Pointers/Pointers - 02 Dereferencing Pointers.vcxproj" Id="e3fd790d-92c9-4bd7-b301-4f32244c8151" />
  <Project Path="Pointers - 03 Pointers vs References/Pointers - 03 Pointers vs References.vcxproj" Id="866931fb-5b3f-4a83-b70b-15e1c14650d3" />
  <Project Path="Pointers - 04 Call by Reference Using Pointers/Pointers - 04 Call by Reference Using Pointers.vcxproj" Id="d564edcf-2687-4222-a4fb-ce24943f7f79" />
  <Project Path="Pointers - 05 Pointers and Arrays/Pointers - 05 Pointers and Arrays.vcxproj" Id="a6f1fbef-f255-454e-a26b-eb71d4b821d0" />
  <Project Path="Pointers - 06 Pointers and Structures/Pointers - 06 Pointers and Structures.vcxproj" Id="5d0e2886-b1cb-410e-ac67-8f8f8654da16" />
  <Project Path="Pointers - 07 Pointers to Void/Pointers - 07 Pointers to Void.vcxproj" Id="7fe4a89f-fa83-41d3-86e4-b9e107900c7d" />
  <Project Path="Pointers - 08 Memory Managment - New and Delete/Pointers - 08 Memory Managment - New and Delete.vcxproj" Id="f7f6edc0-9ac9-4473-8eed-90687a379573" />
  <Project Path="Pointers - 09 Dynamic Array - New and Delete/Pointers - 09 Dynamic Array - New and Delete.vcxproj" Id="3a8ab6e4-9c49-4cea-a69c-06f5b38a83c4" />
  <Project Path="String - 01 Common Methods/String - 01 Common Methods.vcxproj" Id="2dc08fb8-32b1-41f5-a38d-1e35be283e02" />
  <Project Path="Strings - 02 Some CCTYPE Functions/Strings - 02 Some CCTYPE Functions.vcxproj" Id="9d8dec97-63ad-4d59-a7bb-5c075641c0dc" />
  <Project Path="Try Catch/Try Catch.vcxproj" Id="bc3f3ffe-effd-41f0-acfe-f5a55f8c046e" />
  <Project Path="Vectors - 01 Declaration and Initialization/Vectors - 01 Declaration and Initialization.vcxproj" Id="3a22b41f-1c74-4e65-9167-8c05c74dbd87" />
  <Project Path="Vectors - 02 Add Elements/Vectors - 02 Add Elements.vcxproj" Id="b7c7412f-ab60-4e44-8683-0906ea6a5f81" />
  <Project Path="Vectors - 03 Vector of Structure/Vectors - 03 Vector of Structure.vcxproj" Id="2ce42d83-27b7-471a-b7f7-5aa10382a4c5" />
  <Project Path="Vectors - 04 Remove Elements/Vectors - 04 Remove Elements.vcxproj" Id="538e01d1-f509-4359-bad4-5f055110abbd" />
  <Project Path="Vectors - 05 Vector Functions/Vectors - 05 Vector Functions.vcxproj" Id="30f88ba8-d4cb-43de-8d90-868017f6f0b9" />
  <Project Path="Vectors - 06 Accessing Elements/Vectors - 06 Accessing Elements.vcxproj" Id="1c5fdaa2-0b77-4ffc-8d92-e397b6034969" />
  <Project Path="Vectors - 07 Changing Elements/Vectors - 07 Changing Elements.vcxproj" Id="dc89bc05-43aa-40c6-86ab-9e459bebed75" />
  <Project Path="Vectors - 08 Vector Iterators/Vectors - 08 Vector Iterators.vcxproj" Id="e4b61478-5ef4-43a8-b95b-a67ddb9694df" />
</Solution>
